
Microsoft Visual Studio Solution File, Format Version 12.00
# Visual Studio Version 16
VisualStudioVersion = 16.0.29519.87
MinimumVisualStudioVersion = 10.0.40219.1
Project("{FAE04EC0-301F-11D3-BF4B-00C04F79EFBC}") = "WebApplication2", "WebApplication2.csproj", "{AB16856A-1664-4EED-AD88-F85BEDB42403}"
EndProject
Global
	GlobalSection(SolutionConfigurationPlatforms) = preSolution
		Debug|Any CPU = Debug|Any CPU
		Release|Any CPU = Release|Any CPU
	EndGlobalSection
	GlobalSection(ProjectConfigurationPlatforms) = postSolution
		{AB16856A-1664-4EED-AD88-F85BEDB42403}.Debug|Any CPU.ActiveCfg = Debug|Any CPU
		{AB16856A-1664-4EED-AD88-F85BEDB42403}.Debug|Any CPU.Build.0 = Debug|Any CPU
		{AB16856A-1664-4EED-AD88-F85BEDB42403}.Release|Any CPU.ActiveCfg = Release|Any CPU
		{AB16856A-1664-4EED-AD88-F85BEDB42403}.Release|Any CPU.Build.0 = Release|Any CPU
	EndGlobalSection
	GlobalSection(SolutionProperties) = preSolution
		HideSolutionNode = FALSE
	EndGlobalSection
	GlobalSection(ExtensibilityGlobals) = postSolution
		SolutionGuid = {B0042B56-E001-4EF9-A541-3FDFB1AB0963}
	EndGlobalSection
EndGlobal
